# This file is autogenerated, do not edit; changes may be undone by the next 'dep ensure'.


[[projects]]
  digest = "1:f4f038d23c9943c7150feb47c6d44eae9eee531c4e745b27217a2ac9ae2d2794"
  name = "cloud.google.com/go"
  packages = [
    "compute/metadata",
    "iam",
    "internal",
    "internal/optional",
    "internal/trace",
    "internal/version",
    "storage",
  ]
  pruneopts = "UT"
  revision = "775730d6e48254a2430366162cf6298e5368833c"
  version = "v0.39.0"

[[projects]]
  digest = "1:3b10c6fd33854dc41de2cf78b7bae105da94c2789b6fa5b9ac9e593ea43484ac"
  name = "github.com/Masterminds/goutils"
  packages = ["."]
  pruneopts = "UT"
  revision = "41ac8693c5c10a92ea1ff5ac3a7f95646f6123b0"
  version = "v1.1.0"

[[projects]]
  digest = "1:55388fd080150b9a072912f97b1f5891eb0b50df43401f8b75fb4273d3fec9fc"
  name = "github.com/Masterminds/semver"
  packages = ["."]
  pruneopts = "UT"
  revision = "c7af12943936e8c39859482e61f0574c2fd7fc75"
  version = "v1.4.2"

[[projects]]
  digest = "1:693e7ef1b6178cd312132c156fc6d6065c77a0d1f02cc73beecae8b080ec13d7"
  name = "github.com/Masterminds/sprig"
  packages = ["."]
  pruneopts = "UT"
  revision = "9f8fceff796fb9f4e992cd2bece016be0121ab74"
  version = "2.19.0"

[[projects]]
  digest = "1:90afd0cfdffcc3df7855160ee2954cbca286e23c4eb9cb3d075536c9e4e1b04f"
  name = "github.com/agext/levenshtein"
  packages = ["."]
  pruneopts = "UT"
  revision = "0ded9c86537917af2ff89bc9c78de6bd58477894"
  version = "v1.2.2"

[[projects]]
  branch = "master"
  digest = "1:98a49d9edf7d250fe280c04f903b4379710f340eda4e48fa6a5a13ab71531b8c"
  name = "github.com/antzucaro/matchr"
  packages = ["."]
  pruneopts = "UT"
  revision = "cbc221335f3c9d9eff15d1d9d5983ddf70b906b6"

[[projects]]
  digest = "1:1929b21a34400d463a99336f8e2908d2a154dc525c52411a8d99bb519942dc4c"
  name = "github.com/apparentlymart/go-cidr"
  packages = ["cidr"]
  pruneopts = "UT"
  revision = "b1115bf8e14a60131a196f908223e4506b0ddc35"
  version = "v1.0.0"

[[projects]]
  digest = "1:2bf7da77216264bb61bd8cb5f3380a03ab509e8a826fe359008d4a6ba0789b13"
  name = "github.com/apparentlymart/go-textseg"
  packages = ["textseg"]
  pruneopts = "UT"
  revision = "fb01f485ebef760e5ee06d55e1b07534dda2d295"
  version = "v1.0.0"

[[projects]]
  digest = "1:c47f4964978e211c6e566596ec6246c329912ea92e9bb99c00798bb4564c5b09"
  name = "github.com/armon/go-radix"
  packages = ["."]
  pruneopts = "UT"
  revision = "1a2de0c21c94309923825da3df33a4381872c795"
  version = "v1.0.0"

[[projects]]
  digest = "1:a5f76c99f2cf4e4e6caba809f870b178c98c57b9e5d78e3ada189a6d47eba6db"
  name = "github.com/aws/aws-sdk-go"
  packages = [
    "aws",
    "aws/arn",
    "aws/awserr",
    "aws/awsutil",
    "aws/client",
    "aws/client/metadata",
    "aws/corehandlers",
    "aws/credentials",
    "aws/credentials/ec2rolecreds",
    "aws/credentials/endpointcreds",
    "aws/credentials/processcreds",
    "aws/credentials/stscreds",
    "aws/csm",
    "aws/defaults",
    "aws/ec2metadata",
    "aws/endpoints",
    "aws/request",
    "aws/session",
    "aws/signer/v4",
    "internal/ini",
    "internal/s3err",
    "internal/sdkio",
    "internal/sdkrand",
    "internal/sdkuri",
    "internal/shareddefaults",
    "private/protocol",
    "private/protocol/eventstream",
    "private/protocol/eventstream/eventstreamapi",
    "private/protocol/json/jsonutil",
    "private/protocol/query",
    "private/protocol/query/queryutil",
    "private/protocol/rest",
    "private/protocol/restxml",
    "private/protocol/xml/xmlutil",
    "service/s3",
    "service/sts",
  ]
  pruneopts = "UT"
  revision = "1badbda38516ecb9e6157b85064bf7058ca9f0dc"
  version = "v1.19.40"

[[projects]]
  branch = "master"
  digest = "1:37011b20a70e205b93ebea5287e1afa5618db54bf3998c36ff5a8e4b146a170a"
  name = "github.com/bgentry/go-netrc"
  packages = ["netrc"]
  pruneopts = "UT"
  revision = "9fd32a8b3d3d3f9d43c341bfe098430e07609480"

[[projects]]
  digest = "1:1343a2963481a305ca4d051e84bc2abd16b601ee22ed324f8d605de1adb291b0"
  name = "github.com/bgentry/speakeasy"
  packages = ["."]
  pruneopts = "UT"
  revision = "4aabc24848ce5fd31929f7d1e4ea74d3709c14cd"
  version = "v0.1.0"

[[projects]]
  digest = "1:b6d886569181ec96ca83d529f4d6ba0cbf92ace7bb6f633f90c5f34d9bba7aab"
  name = "github.com/blang/semver"
  packages = ["."]
  pruneopts = "UT"
  revision = "ba2c2ddd89069b46a7011d4106f6868f17ee1705"
  version = "v3.6.1"

[[projects]]
  branch = "master"
  digest = "1:f7b9cf4716dc8aba9f66eb60a02b3fbbff24aca45ed06dccfd777289d519804d"
  name = "github.com/chanzuckerberg/go-misc"
  packages = ["ver"]
  pruneopts = "UT"
  revision = "7c0dfc0d970f94188289f64d16a02979763ebf0b"

[[projects]]
  digest = "1:ffe9824d294da03b391f44e1ae8281281b4afc1bdaa9588c9097785e3af10cec"
  name = "github.com/davecgh/go-spew"
  packages = ["spew"]
  pruneopts = "UT"
  revision = "8991bc29aa16c548c550c7ff78260e27b9ab7c73"
  version = "v1.1.1"

[[projects]]
  digest = "1:865079840386857c809b72ce300be7580cb50d3d3129ce11bf9aa6ca2bc1934a"
  name = "github.com/fatih/color"
  packages = ["."]
  pruneopts = "UT"
  revision = "5b77d2a35fb0ede96d138fc9a99f5c9b6aef11b4"
  version = "v1.7.0"

[[projects]]
  digest = "1:aacef5f5e45685f2aeda5534d0a750dee6859de7e9088cdd06192787bb01ae6d"
  name = "github.com/go-errors/errors"
  packages = ["."]
  pruneopts = "UT"
  revision = "a6af135bd4e28680facf08a3d206b454abc877a4"
  version = "v1.0.1"

[[projects]]
  digest = "1:e1ff887e232b2d8f4f7c7db15a5fac7be418025afc4dda53c59c765dbb5aa6b4"
  name = "github.com/go-playground/locales"
  packages = [
    ".",
    "currency",
  ]
  pruneopts = "UT"
  revision = "f63010822830b6fe52288ee52d5a1151088ce039"
  version = "v0.12.1"

[[projects]]
  digest = "1:e022cf244bcac1b6ef933f1a2e0adcf6a6dfd7b872d8d41e4d4179bb09a87cbc"
  name = "github.com/go-playground/universal-translator"
  packages = ["."]
  pruneopts = "UT"
  revision = "b32fa301c9fe55953584134cb6853a13c87ec0a1"
  version = "v0.16.0"

[[projects]]
  digest = "1:7f89e0c888fb99c61055c646f5678aae645b0b0a1443d9b2dcd9964d850827ce"
  name = "github.com/go-test/deep"
  packages = ["."]
  pruneopts = "UT"
  revision = "6592d9cc0a499ad2d5f574fde80a2b5c5cc3b4f5"
  version = "v1.0.1"

[[projects]]
  digest = "1:d29ee5ef14a7e0253facd0bcebe6a69a7a4e02a67eb24d2aacd8ccb4a7cea6fc"
  name = "github.com/gobuffalo/envy"
  packages = ["."]
  pruneopts = "UT"
  revision = "043cb4b8af871b49563291e32c66bb84378a60ac"
  version = "v1.7.0"

[[projects]]
  digest = "1:1342bed0d7aded5e5c1c958675f0662c9dbaf2d61fa0a8c5918a144737cff3e4"
  name = "github.com/gobuffalo/packd"
  packages = ["."]
  pruneopts = "UT"
  revision = "9efbb667f2024a9370cadda45a57a0657c88a6fb"
  version = "v0.1.0"

[[projects]]
  digest = "1:3624897aef11246e65ae23a2cdb62ca8bd954e5fdceec7134300d8eb67a26b9d"
  name = "github.com/gobuffalo/packr"
  packages = ["."]
  pruneopts = "UT"
  revision = "cda4ac25577350dac682c8715dc6659327232596"
  version = "v2.2.0"

[[projects]]
  branch = "master"
  digest = "1:b90ac64448d67ef218124185a8524f3c665fb7f51f096d5dd51ce950a1775d89"
  name = "github.com/gobuffalo/syncx"
  packages = ["."]
  pruneopts = "UT"
  revision = "33c29581e754bd354236e977dfe426e55331c45d"

[[projects]]
  digest = "1:64c2b533ffd17023738c534548ab2455d7f519bc15ed4225145425ed2222448b"
  name = "github.com/golang/protobuf"
  packages = [
    "proto",
    "protoc-gen-go/descriptor",
    "ptypes",
    "ptypes/any",
    "ptypes/duration",
    "ptypes/timestamp",
  ]
  pruneopts = "UT"
  revision = "b5d812f8a3706043e23a9cd5babf2e5423744d30"
  version = "v1.3.1"

[[projects]]
  digest = "1:bf40199583e5143d1472fc34d10d6f4b69d97572142acf343b3e43136da40823"
  name = "github.com/google/go-cmp"
  packages = [
    "cmp",
    "cmp/internal/diff",
    "cmp/internal/flags",
    "cmp/internal/function",
    "cmp/internal/value",
  ]
  pruneopts = "UT"
  revision = "6f77996f0c42f7b84e5a2b252227263f93432e9b"
  version = "v0.3.0"

[[projects]]
  digest = "1:582b704bebaa06b48c29b0cec224a6058a09c86883aaddabde889cd1a5f73e1b"
  name = "github.com/google/uuid"
  packages = ["."]
  pruneopts = "UT"
  revision = "0cd6bf5da1e1c83f8b45653022c74f71af0538a4"
  version = "v1.1.1"

[[projects]]
  digest = "1:f1f70abea1ab125d48396343b4c053f8fecfbdb943037bf3d29dc80c90fe60b3"
  name = "github.com/googleapis/gax-go"
  packages = ["v2"]
  pruneopts = "UT"
  revision = "beaecbbdd8af86aa3acf14180d53828ce69400b2"
  version = "v2.0.4"

[[projects]]
  digest = "1:0ade334594e69404d80d9d323445d2297ff8161637f9b2d347cc6973d2d6f05b"
  name = "github.com/hashicorp/errwrap"
  packages = ["."]
  pruneopts = "UT"
  revision = "8a6fb523712970c966eefc6b39ed2c5e74880354"
  version = "v1.0.0"

[[projects]]
  digest = "1:af105c7c5dc0b4ae41991f122cae860b9600f7d226072c2a83127048c991660c"
  name = "github.com/hashicorp/go-cleanhttp"
  packages = ["."]
  pruneopts = "UT"
  revision = "eda1e5db218aad1db63ca4642c8906b26bcf2744"
  version = "v0.5.1"

[[projects]]
  digest = "1:3d262ac70f6f9c970031d83c4decf4027209d58e4b3fea3a90de4461295df848"
  name = "github.com/hashicorp/go-getter"
  packages = [
    ".",
    "helper/url",
  ]
  pruneopts = "UT"
  revision = "f9ec369200fd2163b8f452e5e45696d83ae3f4b6"
  version = "v1.3.0"

[[projects]]
  digest = "1:f668349b83f7d779567c880550534addeca7ebadfdcf44b0b9c39be61864b4b7"
  name = "github.com/hashicorp/go-multierror"
  packages = ["."]
  pruneopts = "UT"
  revision = "886a7fbe3eb1c874d46f623bfa70af45f425b3d1"
  version = "v1.0.0"

[[projects]]
  digest = "1:605c47454db9040e30b20dc1b29e3e9d42d6ee742545729cdef74afb1b898ad0"
  name = "github.com/hashicorp/go-safetemp"
  packages = ["."]
  pruneopts = "UT"
  revision = "c9a55de4fe06c920a71964b53cfe3dd293a3c743"
  version = "v1.0.0"

[[projects]]
  digest = "1:f14364057165381ea296e49f8870a9ffce2b8a95e34d6ae06c759106aaef428c"
  name = "github.com/hashicorp/go-uuid"
  packages = ["."]
  pruneopts = "UT"
  revision = "4f571afc59f3043a65f8fe6bf46d887b10a01d43"
  version = "v1.0.1"

[[projects]]
  digest = "1:88e0b0baeb9072f0a4afbcf12dda615fc8be001d1802357538591155998da21b"
  name = "github.com/hashicorp/go-version"
  packages = ["."]
  pruneopts = "UT"
  revision = "ac23dc3fea5d1a983c43f6a0f6e2c13f0195d8bd"
  version = "v1.2.0"

[[projects]]
  digest = "1:67474f760e9ac3799f740db2c489e6423a4cde45520673ec123ac831ad849cb8"
  name = "github.com/hashicorp/golang-lru"
  packages = ["simplelru"]
  pruneopts = "UT"
  revision = "7087cb70de9f7a8bc0a10c375cb0d2280a8edf9c"
  version = "v0.5.1"

[[projects]]
  digest = "1:c0d19ab64b32ce9fe5cf4ddceba78d5bc9807f0016db6b1183599da3dcc24d10"
  name = "github.com/hashicorp/hcl"
  packages = [
    ".",
    "hcl/ast",
    "hcl/parser",
    "hcl/printer",
    "hcl/scanner",
    "hcl/strconv",
    "hcl/token",
    "json/parser",
    "json/scanner",
    "json/token",
  ]
  pruneopts = "UT"
  revision = "8cb6e5b959231cc1119e43259c4a608f9c51a241"
  version = "v1.0.0"

[[projects]]
  branch = "master"
  digest = "1:06a801963173cd7b30efd89599a2a005c802aef10a6f30f7cb98152c13ec5227"
  name = "github.com/hashicorp/hcl2"
  packages = [
    "ext/dynblock",
    "ext/typeexpr",
    "gohcl",
    "hcl",
    "hcl/hclsyntax",
    "hcl/json",
    "hcldec",
    "hclparse",
    "hclwrite",
  ]
  pruneopts = "UT"
  revision = "4b22149b7cef7272799ac85dca150e553d667971"

[[projects]]
  branch = "master"
  digest = "1:391639adf2951fb9fc72dbbec317f7bc95e7b379a822abe5ea3c140ffeb7a562"
  name = "github.com/hashicorp/hil"
  packages = [
    ".",
    "ast",
    "parser",
    "scanner",
  ]
  pruneopts = "UT"
  revision = "97b3a9cdfa9349086cfad7ea2fe3165bfe3cbf63"

[[projects]]
  digest = "1:2ac7c87c7937f724c8535d1ffe5d4383ada74ff1efe15c4ea3ef9734caf9e815"
  name = "github.com/hashicorp/terraform"
  packages = [
    "addrs",
    "config",
    "config/hcl2shim",
    "config/module",
    "configs",
    "configs/configschema",
    "dag",
    "flatmap",
    "helper/didyoumean",
    "helper/hilmapstructure",
    "httpclient",
    "lang",
    "lang/blocktoattr",
    "lang/funcs",
    "moduledeps",
    "plans",
    "plans/objchange",
    "plugin/discovery",
    "providers",
    "provisioners",
    "registry",
    "registry/regsrc",
    "registry/response",
    "states",
    "states/statefile",
    "svchost",
    "svchost/auth",
    "svchost/disco",
    "terraform",
    "tfdiags",
    "version",
  ]
  pruneopts = "UT"
  revision = "08918475dd08f0c45fc5aa084bacd2595c6e6c07"
  version = "v0.12.0"

[[projects]]
  branch = "master"
  digest = "1:0778dc7fce1b4669a8bfa7ae506ec1f595b6ab0f8989c1c0d22a8ca1144e9972"
  name = "github.com/howeyc/gopass"
  packages = ["."]
  pruneopts = "UT"
  revision = "bf9dde6d0d2c004a008c27aaee91170c786f6db8"

[[projects]]
  digest = "1:f9a5e090336881be43cfc1cf468330c1bdd60abdc9dd194e0b1ab69f4b94dd7c"
  name = "github.com/huandu/xstrings"
  packages = ["."]
  pruneopts = "UT"
  revision = "f02667b379e2fb5916c3cda2cf31e0eb885d79f8"
  version = "v1.2.0"

[[projects]]
  digest = "1:a0cefd27d12712af4b5018dc7046f245e1e3b5760e2e848c30b171b570708f9b"
  name = "github.com/imdario/mergo"
  packages = ["."]
  pruneopts = "UT"
  revision = "7c29201646fa3de8506f701213473dd407f19646"
  version = "v0.3.7"

[[projects]]
  digest = "1:870d441fe217b8e689d7949fef6e43efbc787e50f200cb1e70dbca9204a1d6be"
  name = "github.com/inconshreveable/mousetrap"
  packages = ["."]
  pruneopts = "UT"
  revision = "76626ae9c91c4f2a10f34cad8ce83ea42c93bb75"
  version = "v1.0"

[[projects]]
  digest = "1:bb81097a5b62634f3e9fec1014657855610c82d19b9a40c17612e32651e35dca"
  name = "github.com/jmespath/go-jmespath"
  packages = ["."]
  pruneopts = "UT"
  revision = "c2b33e84"

[[projects]]
  digest = "1:ecd9aa82687cf31d1585d4ac61d0ba180e42e8a6182b85bd785fcca8dfeefc1b"
  name = "github.com/joho/godotenv"
  packages = ["."]
  pruneopts = "UT"
  revision = "23d116af351c84513e1946b527c88823e476be13"
  version = "v1.3.0"

[[projects]]
  digest = "1:31e761d97c76151dde79e9d28964a812c46efc5baee4085b86f68f0c654450de"
  name = "github.com/konsorten/go-windows-terminal-sequences"
  packages = ["."]
  pruneopts = "UT"
  revision = "f55edac94c9bbba5d6182a4be46d86a2c9b5b50e"
  version = "v1.0.2"

[[projects]]
  digest = "1:ca955a9cd5b50b0f43d2cc3aeb35c951473eeca41b34eb67507f1dbcc0542394"
  name = "github.com/kr/pretty"
  packages = ["."]
  pruneopts = "UT"
  revision = "73f6ac0b30a98e433b289500d779f50c1a6f0712"
  version = "v0.1.0"

[[projects]]
  digest = "1:15b5cc79aad436d47019f814fde81a10221c740dc8ddf769221a65097fb6c2e9"
  name = "github.com/kr/text"
  packages = ["."]
  pruneopts = "UT"
  revision = "e2ffdb16a802fe2bb95e2e35ff34f0e53aeef34f"
  version = "v0.1.0"

[[projects]]
  digest = "1:6782ffc812e8e700e6952ede1e60487ff1fd9da489eff762985be662a7cfc431"
  name = "github.com/leodido/go-urn"
  packages = ["."]
  pruneopts = "UT"
  revision = "70078a794e8ea4b497ba7c19a78cd60f90ccf0f4"
  version = "v1.1.0"

[[projects]]
  digest = "1:c658e84ad3916da105a761660dcaeb01e63416c8ec7bc62256a9b411a05fcd67"
  name = "github.com/mattn/go-colorable"
  packages = ["."]
  pruneopts = "UT"
  revision = "167de6bfdfba052fa6b2d3664c8f5272e23c9072"
  version = "v0.0.9"

[[projects]]
  digest = "1:9b90c7639a41697f3d4ad12d7d67dfacc9a7a4a6e0bbfae4fc72d0da57c28871"
  name = "github.com/mattn/go-isatty"
  packages = ["."]
  pruneopts = "UT"
  revision = "1311e847b0cb909da63b5fecfb5370aa66236465"
  version = "v0.0.8"

[[projects]]
  digest = "1:dac0667a3fcdd4102a5da07abeddc89eb2f125b1e91af1ea9544c80eaff19c9a"
  name = "github.com/mitchellh/cli"
  packages = ["."]
  pruneopts = "UT"
  revision = "3d22a244be8aa6fb16ac24af0e195c08b7d973aa"
  version = "v1.0.0"

[[projects]]
  digest = "1:09ca328575f38b80969ccf857f6d7302f2ce09d53778ea7aaba526cfd2cec739"
  name = "github.com/mitchellh/copystructure"
  packages = ["."]
  pruneopts = "UT"
  revision = "9a1b6f44e8da0e0e374624fb0a825a231b00c537"
  version = "v1.0.0"

[[projects]]
  digest = "1:5d231480e1c64a726869bc4142d270184c419749d34f167646baa21008eb0a79"
  name = "github.com/mitchellh/go-homedir"
  packages = ["."]
  pruneopts = "UT"
  revision = "af06845cf3004701891bf4fdb884bfe4920b3727"
  version = "v1.1.0"

[[projects]]
  digest = "1:42eb1f52b84a06820cedc9baec2e710bfbda3ee6dac6cdb97f8b9a5066134ec6"
  name = "github.com/mitchellh/go-testing-interface"
  packages = ["."]
  pruneopts = "UT"
  revision = "6d0b8010fcc857872e42fc6c931227569016843c"
  version = "v1.0.0"

[[projects]]
  digest = "1:abf08734a6527df70ed361d7c369fb580e6840d8f7a6012e5f609fdfd93b4e48"
  name = "github.com/mitchellh/go-wordwrap"
  packages = ["."]
  pruneopts = "UT"
  revision = "9e67c67572bc5dd02aef930e2b0ae3c02a4b5a5c"
  version = "v1.0.0"

[[projects]]
  digest = "1:61332bb44d05257bbf0356d8400a8b30fe0b9fdc3b72b8b55661da8f0a4f39ae"
  name = "github.com/mitchellh/hashstructure"
  packages = ["."]
  pruneopts = "UT"
  revision = "a38c50148365edc8df43c1580c48fb2b3a1e9cd7"
  version = "v1.0.0"

[[projects]]
  digest = "1:53bc4cd4914cd7cd52139990d5170d6dc99067ae31c56530621b18b35fc30318"
  name = "github.com/mitchellh/mapstructure"
  packages = ["."]
  pruneopts = "UT"
  revision = "3536a929edddb9a5b34bd6861dc4a9647cb459fe"
  version = "v1.1.2"

[[projects]]
  digest = "1:2a7e6f8bebdca6bd8bc359c37f01ae1c4ea4f8481eaabf93b1ae4863f15b72c7"
  name = "github.com/mitchellh/reflectwalk"
  packages = ["."]
  pruneopts = "UT"
  revision = "3e2c75dfad4fbf904b58782a80fd595c760ad185"
  version = "v1.0.1"

[[projects]]
  digest = "1:cf31692c14422fa27c83a05292eb5cbe0fb2775972e8f1f8446a71549bd8980b"
  name = "github.com/pkg/errors"
  packages = ["."]
  pruneopts = "UT"
  revision = "ba968bfe8b2f7e042a574c888954fccecfa385b4"
  version = "v0.8.1"

[[projects]]
  digest = "1:0028cb19b2e4c3112225cd871870f2d9cf49b9b4276531f03438a88e94be86fe"
  name = "github.com/pmezard/go-difflib"
  packages = ["difflib"]
  pruneopts = "UT"
  revision = "792786c7400a136282c1664665ae0a8db921c6c2"
  version = "v1.0.0"

[[projects]]
  digest = "1:57e168c6dfcc02c1c53bdf1589afbef59694d819cac65bfd3a855de2256d4950"
  name = "github.com/posener/complete"
  packages = [
    ".",
    "cmd",
    "cmd/install",
    "match",
  ]
  pruneopts = "UT"
  revision = "3ef9b31a6a0613ae832e7ecf208374027c3b2343"
  version = "v1.2.1"

[[projects]]
  digest = "1:e09ada96a5a41deda4748b1659cc8953961799e798aea557257b56baee4ecaf3"
  name = "github.com/rogpeppe/go-internal"
  packages = [
    "modfile",
    "module",
    "semver",
  ]
  pruneopts = "UT"
  revision = "438578804ca6f31be148c27683afc419ce47c06e"
  version = "v1.3.0"

[[projects]]
  branch = "master"
  digest = "1:4618466244d5f6dbca839b6c0151f76bc58b592d81c83fe909ea9a070269f324"
  name = "github.com/segmentio/go-prompt"
  packages = ["."]
  pruneopts = "UT"
  revision = "f0d19b6901ade831d5a3204edc0d6a7d6457fbb2"

[[projects]]
  digest = "1:04457f9f6f3ffc5fea48e71d62f2ca256637dee0a04d710288e27e05c8b41976"
  name = "github.com/sirupsen/logrus"
  packages = ["."]
  pruneopts = "UT"
  revision = "839c75faf7f98a33d445d181f3018b5c3409a45e"
  version = "v1.4.2"

[[projects]]
  branch = "symlinker"
  digest = "1:36bcc7582b822a441f3f0107039d38e70c456f1fbc2c2c3f70308248b1fcc28f"
  name = "github.com/spf13/afero"
  packages = [
    ".",
    "mem",
  ]
  pruneopts = "UT"
  revision = "36a9495a9b51b0ed1dcc8944fca484a568559071"
  source = "github.com/chanzuckerberg/afero"

[[projects]]
  digest = "1:22799aea8fe96dd5693abdd1eaa14b1b29e3eafbdc7733fa155b3cb556c8a7ae"
  name = "github.com/spf13/cobra"
  packages = ["."]
  pruneopts = "UT"
  revision = "67fc4837d267bc9bfd6e47f77783fcc3dffc68de"
  version = "v0.0.4"

[[projects]]
  digest = "1:c1b1102241e7f645bc8e0c22ae352e8f0dc6484b6cb4d132fa9f24174e0119e2"
  name = "github.com/spf13/pflag"
  packages = ["."]
  pruneopts = "UT"
  revision = "298182f68c66c05229eb03ac171abe6e309ee79a"
  version = "v1.0.3"

[[projects]]
  digest = "1:5da8ce674952566deae4dbc23d07c85caafc6cfa815b0b3e03e41979cedb8750"
  name = "github.com/stretchr/testify"
  packages = [
    "assert",
    "require",
  ]
  pruneopts = "UT"
  revision = "ffdc059bfe9ce6a4e144ba849dbedead332c6053"
  version = "v1.3.0"

[[projects]]
  digest = "1:2643d81498e38e44bdcf480be199cac55f29e97403b0342d962824bfe9960722"
  name = "github.com/ulikunitz/xz"
  packages = [
    ".",
    "internal/hash",
    "internal/xlog",
    "lzma",
  ]
  pruneopts = "UT"
  revision = "6f934d456d51e742b4eeab20d925a827ef22320a"
  version = "v0.5.6"

[[projects]]
  digest = "1:01d5dc3bfb14cf8fb2c924dcf026231218604b8ed15daaa028875d49e7f09071"
  name = "github.com/vmihailenco/msgpack"
  packages = [
    ".",
    "codes",
  ]
  pruneopts = "UT"
  revision = "c2fc210f30a2aca9db880cc017a92c169c999253"
  version = "v4.0.4"

[[projects]]
  branch = "master"
  digest = "1:08d3d8652ad0bf291ac3bdc05b59595ee0ec4211364ffe88528edef01dca630f"
  name = "github.com/zclconf/go-cty"
  packages = [
    "cty",
    "cty/convert",
    "cty/function",
    "cty/function/stdlib",
    "cty/gocty",
    "cty/json",
    "cty/msgpack",
    "cty/set",
  ]
  pruneopts = "UT"
  revision = "4fecf87372ec204b46eb9e8ff264cdc3cafdccfe"

[[projects]]
  digest = "1:6a0fd720abef071f9c9821249e2a7ee87a2e90fe7e45cef8fe413e6b5287363a"
  name = "go.opencensus.io"
  packages = [
    ".",
    "internal",
    "internal/tagencoding",
    "metric/metricdata",
    "metric/metricproducer",
    "plugin/ochttp",
    "plugin/ochttp/propagation/b3",
    "resource",
    "stats",
    "stats/internal",
    "stats/view",
    "tag",
    "trace",
    "trace/internal",
    "trace/propagation",
    "trace/tracestate",
  ]
  pruneopts = "UT"
  revision = "df6e2001952312404b06f5f6f03fcb4aec1648e5"
  version = "v0.21.0"

[[projects]]
  branch = "master"
  digest = "1:a4aeaa71774e34aebf3474f53b940600c8b019dacd58fa53d1ad4c06f59a0dc5"
  name = "golang.org/x/crypto"
  packages = [
    "bcrypt",
    "blowfish",
    "cast5",
    "openpgp",
    "openpgp/armor",
    "openpgp/elgamal",
    "openpgp/errors",
    "openpgp/packet",
    "openpgp/s2k",
    "pbkdf2",
    "scrypt",
    "ssh/terminal",
  ]
  pruneopts = "UT"
  revision = "22d7a77e9e5f409e934ed268692e56707cd169e5"

[[projects]]
  branch = "master"
  digest = "1:1b13e8770142a9251361b13a3b8b9b77296be6fa32856c937b346a45f93c845c"
  name = "golang.org/x/net"
  packages = [
    "context",
    "context/ctxhttp",
    "http/httpguts",
    "http2",
    "http2/hpack",
    "idna",
    "internal/timeseries",
    "trace",
  ]
  pruneopts = "UT"
  revision = "f3200d17e092c607f615320ecaad13d87ad9a2b3"

[[projects]]
  branch = "master"
  digest = "1:7cba983d19f4aa6a154d73268dcc67a66bcc24bd7ee1c1b09d448a721dea0d9f"
  name = "golang.org/x/oauth2"
  packages = [
    ".",
    "google",
    "internal",
    "jws",
    "jwt",
  ]
  pruneopts = "UT"
  revision = "aaccbc9213b0974828f81aaac109d194880e3014"

[[projects]]
  branch = "master"
  digest = "1:820be5471f9063bf539a8e4acfcf71151c832932c6ae6aab5aa0e8957e5af173"
  name = "golang.org/x/sys"
  packages = [
    "unix",
    "windows",
  ]
  pruneopts = "UT"
  revision = "6a60838ec2595395fabc7b2e6c2ae9fb5a87722d"

[[projects]]
  digest = "1:8d8faad6b12a3a4c819a3f9618cb6ee1fa1cfc33253abeeea8b55336721e3405"
  name = "golang.org/x/text"
  packages = [
    "collate",
    "collate/build",
    "internal/colltab",
    "internal/gen",
    "internal/language",
    "internal/language/compact",
    "internal/tag",
    "internal/triegen",
    "internal/ucd",
    "language",
    "secure/bidirule",
    "transform",
    "unicode/bidi",
    "unicode/cldr",
    "unicode/norm",
    "unicode/rangetable",
  ]
  pruneopts = "UT"
  revision = "342b2e1fbaa52c93f31447ad2c6abc048c63e475"
  version = "v0.3.2"

[[projects]]
  digest = "1:06b06a112ad8f420557af56ad06bb8b16b77d11b0a2f11edf335095f7772e9b5"
  name = "google.golang.org/api"
  packages = [
    "gensupport",
    "googleapi",
    "googleapi/internal/uritemplates",
    "googleapi/transport",
    "internal",
    "iterator",
    "option",
    "storage/v1",
    "transport/http",
    "transport/http/internal/propagation",
  ]
  pruneopts = "UT"
  revision = "721295fe20d585ce7e948146f82188429d14da33"
  version = "v0.5.0"

[[projects]]
  digest = "1:682eceac662719c843bab910f932a9db9526980b911f48dd213867c653b9e511"
  name = "google.golang.org/appengine"
  packages = [
    ".",
    "datastore",
    "datastore/internal/cloudkey",
    "datastore/internal/cloudpb",
    "internal",
    "internal/app_identity",
    "internal/base",
    "internal/datastore",
    "internal/log",
    "internal/modules",
    "internal/remote_api",
    "internal/urlfetch",
    "urlfetch",
  ]
  pruneopts = "UT"
  revision = "4c25cacc810c02874000e4f7071286a8e96b2515"
  version = "v1.6.0"

[[projects]]
  branch = "master"
  digest = "1:1d7e4e8b75502678019b764e524684c25aeeb855ef93f0d5b52fd66e834a5d17"
  name = "google.golang.org/genproto"
  packages = [
    "googleapis/api/annotations",
    "googleapis/iam/v1",
    "googleapis/rpc/code",
    "googleapis/rpc/status",
    "googleapis/type/expr",
  ]
  pruneopts = "UT"
  revision = "c2c4e71fbf6989c3e46a18d65cb88c288f8a3a55"

[[projects]]
  digest = "1:c69a4c19c4f241e6b75ad65c5e7a1c4eec5705ae504624df4eb6fb659c2df46c"
  name = "google.golang.org/grpc"
  packages = [
    ".",
    "balancer",
    "balancer/base",
    "balancer/roundrobin",
    "binarylog/grpc_binarylog_v1",
    "codes",
    "connectivity",
    "credentials",
    "credentials/internal",
    "encoding",
    "encoding/proto",
    "grpclog",
    "internal",
    "internal/backoff",
    "internal/balancerload",
    "internal/binarylog",
    "internal/channelz",
    "internal/envconfig",
    "internal/grpcrand",
    "internal/grpcsync",
    "internal/syscall",
    "internal/transport",
    "keepalive",
    "metadata",
    "naming",
    "peer",
    "resolver",
    "resolver/dns",
    "resolver/passthrough",
    "stats",
    "status",
    "tap",
  ]
  pruneopts = "UT"
  revision = "869adfc8d5a43efc0d05780ad109106f457f51e4"
  version = "v1.21.0"

[[projects]]
  digest = "1:ee2db1a4b9111947da887ff2f8972dd2cc80906e521a2d856901fa699b4b51ee"
  name = "gopkg.in/go-playground/validator.v9"
  packages = ["."]
  pruneopts = "UT"
  revision = "884d31b8cad6a1ec877f2400d555924cea03bbea"
  version = "v9.29.0"

[[projects]]
  digest = "1:4d2e5a73dc1500038e504a8d78b986630e3626dc027bc030ba5c75da257cdb96"
  name = "gopkg.in/yaml.v2"
  packages = ["."]
  pruneopts = "UT"
  revision = "51d6538a90f86fe93ac480b35f37b2be17fef232"
  version = "v2.2.2"

[solve-meta]
  analyzer-name = "dep"
  analyzer-version = 1
  input-imports = [
    "github.com/Masterminds/sprig",
    "github.com/antzucaro/matchr",
    "github.com/aws/aws-sdk-go/aws",
    "github.com/aws/aws-sdk-go/aws/arn",
    "github.com/blang/semver",
    "github.com/chanzuckerberg/go-misc/ver",
    "github.com/fatih/color",
    "github.com/go-errors/errors",
    "github.com/go-test/deep",
    "github.com/gobuffalo/packr",
    "github.com/hashicorp/go-getter",
    "github.com/hashicorp/go-multierror",
    "github.com/hashicorp/hcl/hcl/printer",
    "github.com/hashicorp/terraform/config",
    "github.com/hashicorp/terraform/terraform",
    "github.com/kr/pretty",
    "github.com/mitchellh/go-homedir",
    "github.com/pkg/errors",
    "github.com/segmentio/go-prompt",
    "github.com/sirupsen/logrus",
    "github.com/spf13/afero",
    "github.com/spf13/cobra",
    "github.com/stretchr/testify/assert",
    "github.com/stretchr/testify/require",
    "gopkg.in/go-playground/validator.v9",
    "gopkg.in/yaml.v2",
  ]
  solver-name = "gps-cdcl"
  solver-version = 1
